
Microsoft Visual Studio Solution File, Format Version 12.00
# Visual Studio Version 17
VisualStudioVersion = 17.13.35806.99 d17.13
MinimumVisualStudioVersion = 10.0.40219.1
Project("{FAE04EC0-301F-11D3-BF4B-00C04F79EFBC}") = "APIREST_Semana_03", "APIREST_Semana_03\APIREST_Semana_03.csproj", "{55191CDD-9EB7-4E69-8134-007C226652B3}"
EndProject
Global
	GlobalSection(SolutionConfigurationPlatforms) = preSolution
		Debug|Any CPU = Debug|Any CPU
		Release|Any CPU = Release|Any CPU
	EndGlobalSection
	GlobalSection(ProjectConfigurationPlatforms) = postSolution
		{55191CDD-9EB7-4E69-8134-007C226652B3}.Debug|Any CPU.ActiveCfg = Debug|Any CPU
		{55191CDD-9EB7-4E69-8134-007C226652B3}.Debug|Any CPU.Build.0 = Debug|Any CPU
		{55191CDD-9EB7-4E69-8134-007C226652B3}.Release|Any CPU.ActiveCfg = Release|Any CPU
		{55191CDD-9EB7-4E69-8134-007C226652B3}.Release|Any CPU.Build.0 = Release|Any CPU
	EndGlobalSection
	GlobalSection(SolutionProperties) = preSolution
		HideSolutionNode = FALSE
	EndGlobalSection
	GlobalSection(ExtensibilityGlobals) = postSolution
		SolutionGuid = {E9B59B48-AF1E-4D2A-ABB6-B9F4F9AF924A}
	EndGlobalSection
EndGlobal
